
Microsoft Visual Studio Solution File, Format Version 12.00
# Visual Studio Version 17
VisualStudioVersion = 17.8.34511.84
MinimumVisualStudioVersion = 10.0.40219.1
Project("{FAE04EC0-301F-11D3-BF4B-00C04F79EFBC}") = "PasswordStrongVerificator", "PasswordStrongVerificator\PasswordStrongVerificator.csproj", "{EFEFAA0C-6785-4296-8B3C-7D90436EE183}"
EndProject
Project("{FAE04EC0-301F-11D3-BF4B-00C04F79EFBC}") = "PasswordStringVerificator_UnitTests", "PasswordStringVerificator_UnitTests\PasswordStringVerificator_UnitTests.csproj", "{24DEE37C-A32D-49D9-9131-1CECB06A50DF}"
EndProject
Global
	GlobalSection(SolutionConfigurationPlatforms) = preSolution
		Debug|Any CPU = Debug|Any CPU
		Release|Any CPU = Release|Any CPU
	EndGlobalSection
	GlobalSection(ProjectConfigurationPlatforms) = postSolution
		{EFEFAA0C-6785-4296-8B3C-7D90436EE183}.Debug|Any CPU.ActiveCfg = Debug|Any CPU
		{EFEFAA0C-6785-4296-8B3C-7D90436EE183}.Debug|Any CPU.Build.0 = Debug|Any CPU
		{EFEFAA0C-6785-4296-8B3C-7D90436EE183}.Release|Any CPU.ActiveCfg = Release|Any CPU
		{EFEFAA0C-6785-4296-8B3C-7D90436EE183}.Release|Any CPU.Build.0 = Release|Any CPU
		{24DEE37C-A32D-49D9-9131-1CECB06A50DF}.Debug|Any CPU.ActiveCfg = Debug|Any CPU
		{24DEE37C-A32D-49D9-9131-1CECB06A50DF}.Debug|Any CPU.Build.0 = Debug|Any CPU
		{24DEE37C-A32D-49D9-9131-1CECB06A50DF}.Release|Any CPU.ActiveCfg = Release|Any CPU
		{24DEE37C-A32D-49D9-9131-1CECB06A50DF}.Release|Any CPU.Build.0 = Release|Any CPU
	EndGlobalSection
	GlobalSection(SolutionProperties) = preSolution
		HideSolutionNode = FALSE
	EndGlobalSection
	GlobalSection(ExtensibilityGlobals) = postSolution
		SolutionGuid = {1B2F54DB-DD3C-4B93-9DAB-111E2DEAFC37}
	EndGlobalSection
EndGlobal
